
Microsoft Visual Studio Solution File, Format Version 12.00
# Visual Studio 2013
VisualStudioVersion = 12.0.31101.0
MinimumVisualStudioVersion = 10.0.40219.1
Project("{FAE04EC0-301F-11D3-BF4B-00C04F79EFBC}") = "ServerEvents", "ServerEvents\ServerEvents.csproj", "{72EFC2DF-BFC7-4B6A-9010-BBFEBBFF35F9}"
EndProject
Project("{FAE04EC0-301F-11D3-BF4B-00C04F79EFBC}") = "ServerEvents.Client", "ServerEvents.Client\ServerEvents.Client.csproj", "{5E71F95C-6E0F-414F-AB5A-16123A1D2252}"
EndProject
Project("{FAE04EC0-301F-11D3-BF4B-00C04F79EFBC}") = "ServerEvents.Models", "ServerEvents.Models\ServerEvents.Models.csproj", "{9AF99A77-466F-4AA3-8BDB-258DCC4AC958}"
EndProject
Global
	GlobalSection(SolutionConfigurationPlatforms) = preSolution
		Debug|Any CPU = Debug|Any CPU
		Release|Any CPU = Release|Any CPU
	EndGlobalSection
	GlobalSection(ProjectConfigurationPlatforms) = postSolution
		{72EFC2DF-BFC7-4B6A-9010-BBFEBBFF35F9}.Debug|Any CPU.ActiveCfg = Debug|Any CPU
		{72EFC2DF-BFC7-4B6A-9010-BBFEBBFF35F9}.Debug|Any CPU.Build.0 = Debug|Any CPU
		{72EFC2DF-BFC7-4B6A-9010-BBFEBBFF35F9}.Release|Any CPU.ActiveCfg = Release|Any CPU
		{72EFC2DF-BFC7-4B6A-9010-BBFEBBFF35F9}.Release|Any CPU.Build.0 = Release|Any CPU
		{5E71F95C-6E0F-414F-AB5A-16123A1D2252}.Debug|Any CPU.ActiveCfg = Debug|Any CPU
		{5E71F95C-6E0F-414F-AB5A-16123A1D2252}.Debug|Any CPU.Build.0 = Debug|Any CPU
		{5E71F95C-6E0F-414F-AB5A-16123A1D2252}.Release|Any CPU.ActiveCfg = Release|Any CPU
		{5E71F95C-6E0F-414F-AB5A-16123A1D2252}.Release|Any CPU.Build.0 = Release|Any CPU
		{9AF99A77-466F-4AA3-8BDB-258DCC4AC958}.Debug|Any CPU.ActiveCfg = Debug|Any CPU
		{9AF99A77-466F-4AA3-8BDB-258DCC4AC958}.Debug|Any CPU.Build.0 = Debug|Any CPU
		{9AF99A77-466F-4AA3-8BDB-258DCC4AC958}.Release|Any CPU.ActiveCfg = Release|Any CPU
		{9AF99A77-466F-4AA3-8BDB-258DCC4AC958}.Release|Any CPU.Build.0 = Release|Any CPU
	EndGlobalSection
	GlobalSection(SolutionProperties) = preSolution
		HideSolutionNode = FALSE
	EndGlobalSection
EndGlobal
