
Microsoft Visual Studio Solution File, Format Version 12.00
# Visual Studio 2013
VisualStudioVersion = 12.0.31101.0
MinimumVisualStudioVersion = 10.0.40219.1
Project("{FAE04EC0-301F-11D3-BF4B-00C04F79EFBC}") = "HelloWorld", "HelloWorld\HelloWorld.csproj", "{06B5007E-DAC8-4E6B-9731-B6FB9E82D1DD}"
EndProject
Project("{FAE04EC0-301F-11D3-BF4B-00C04F79EFBC}") = "LogReceiver", "LogReceiver\LogReceiver.csproj", "{ABF80726-456E-4268-B34B-62BA4813E167}"
EndProject
Global
	GlobalSection(SolutionConfigurationPlatforms) = preSolution
		Debug|Any CPU = Debug|Any CPU
		Release|Any CPU = Release|Any CPU
	EndGlobalSection
	GlobalSection(ProjectConfigurationPlatforms) = postSolution
		{06B5007E-DAC8-4E6B-9731-B6FB9E82D1DD}.Debug|Any CPU.ActiveCfg = Debug|Any CPU
		{06B5007E-DAC8-4E6B-9731-B6FB9E82D1DD}.Debug|Any CPU.Build.0 = Debug|Any CPU
		{06B5007E-DAC8-4E6B-9731-B6FB9E82D1DD}.Release|Any CPU.ActiveCfg = Release|Any CPU
		{06B5007E-DAC8-4E6B-9731-B6FB9E82D1DD}.Release|Any CPU.Build.0 = Release|Any CPU
		{ABF80726-456E-4268-B34B-62BA4813E167}.Debug|Any CPU.ActiveCfg = Debug|Any CPU
		{ABF80726-456E-4268-B34B-62BA4813E167}.Debug|Any CPU.Build.0 = Debug|Any CPU
		{ABF80726-456E-4268-B34B-62BA4813E167}.Release|Any CPU.ActiveCfg = Release|Any CPU
		{ABF80726-456E-4268-B34B-62BA4813E167}.Release|Any CPU.Build.0 = Release|Any CPU
	EndGlobalSection
	GlobalSection(SolutionProperties) = preSolution
		HideSolutionNode = FALSE
	EndGlobalSection
EndGlobal
