
Microsoft Visual Studio Solution File, Format Version 12.00
# Visual Studio 2013
VisualStudioVersion = 12.0.31101.0
MinimumVisualStudioVersion = 10.0.40219.1
Project("{FAE04EC0-301F-11D3-BF4B-00C04F79EFBC}") = "RCON.Server", "RCON.Server\RCON.Server.csproj", "{4AECECAC-B58F-4A63-8977-01880056F4B3}"
EndProject
Project("{FAE04EC0-301F-11D3-BF4B-00C04F79EFBC}") = "RCON.Models", "RCON.Models\RCON.Models.csproj", "{72F81375-7DFE-494B-AC09-A8AB2C9A6D91}"
EndProject
Project("{FAE04EC0-301F-11D3-BF4B-00C04F79EFBC}") = "RCON.Client", "RCON.Client\RCON.Client.csproj", "{5777D65B-E5A9-4C3E-A6C6-3AF6181CC2D8}"
EndProject
Global
	GlobalSection(SolutionConfigurationPlatforms) = preSolution
		Debug|Any CPU = Debug|Any CPU
		Release|Any CPU = Release|Any CPU
	EndGlobalSection
	GlobalSection(ProjectConfigurationPlatforms) = postSolution
		{4AECECAC-B58F-4A63-8977-01880056F4B3}.Debug|Any CPU.ActiveCfg = Debug|Any CPU
		{4AECECAC-B58F-4A63-8977-01880056F4B3}.Debug|Any CPU.Build.0 = Debug|Any CPU
		{4AECECAC-B58F-4A63-8977-01880056F4B3}.Release|Any CPU.ActiveCfg = Release|Any CPU
		{4AECECAC-B58F-4A63-8977-01880056F4B3}.Release|Any CPU.Build.0 = Release|Any CPU
		{72F81375-7DFE-494B-AC09-A8AB2C9A6D91}.Debug|Any CPU.ActiveCfg = Debug|Any CPU
		{72F81375-7DFE-494B-AC09-A8AB2C9A6D91}.Debug|Any CPU.Build.0 = Debug|Any CPU
		{72F81375-7DFE-494B-AC09-A8AB2C9A6D91}.Release|Any CPU.ActiveCfg = Release|Any CPU
		{72F81375-7DFE-494B-AC09-A8AB2C9A6D91}.Release|Any CPU.Build.0 = Release|Any CPU
		{5777D65B-E5A9-4C3E-A6C6-3AF6181CC2D8}.Debug|Any CPU.ActiveCfg = Debug|Any CPU
		{5777D65B-E5A9-4C3E-A6C6-3AF6181CC2D8}.Debug|Any CPU.Build.0 = Debug|Any CPU
		{5777D65B-E5A9-4C3E-A6C6-3AF6181CC2D8}.Release|Any CPU.ActiveCfg = Release|Any CPU
		{5777D65B-E5A9-4C3E-A6C6-3AF6181CC2D8}.Release|Any CPU.Build.0 = Release|Any CPU
	EndGlobalSection
	GlobalSection(SolutionProperties) = preSolution
		HideSolutionNode = FALSE
	EndGlobalSection
EndGlobal
